
Microsoft Visual Studio Solution File, Format Version 12.00
# Visual Studio Version 17
VisualStudioVersion = 17.5.002.0
MinimumVisualStudioVersion = 10.0.40219.1
Project("{9A19103F-16F7-4668-BE54-9A1E7A4F7556}") = "CarRental-WebApi", "CarRental-WebApi.csproj", "{8FA7F3FD-D96D-4D7E-88A6-AFABD0F9155A}"
EndProject
Global
	GlobalSection(SolutionConfigurationPlatforms) = preSolution
		Debug|Any CPU = Debug|Any CPU
		Release|Any CPU = Release|Any CPU
	EndGlobalSection
	GlobalSection(ProjectConfigurationPlatforms) = postSolution
		{8FA7F3FD-D96D-4D7E-88A6-AFABD0F9155A}.Debug|Any CPU.ActiveCfg = Debug|Any CPU
		{8FA7F3FD-D96D-4D7E-88A6-AFABD0F9155A}.Debug|Any CPU.Build.0 = Debug|Any CPU
		{8FA7F3FD-D96D-4D7E-88A6-AFABD0F9155A}.Release|Any CPU.ActiveCfg = Release|Any CPU
		{8FA7F3FD-D96D-4D7E-88A6-AFABD0F9155A}.Release|Any CPU.Build.0 = Release|Any CPU
	EndGlobalSection
	GlobalSection(SolutionProperties) = preSolution
		HideSolutionNode = FALSE
	EndGlobalSection
	GlobalSection(ExtensibilityGlobals) = postSolution
		SolutionGuid = {5D49AAA3-C923-4FA7-80AB-42240AED654D}
	EndGlobalSection
EndGlobal
